// !$*UTF8*$!
{
	archiveVersion = 1;
	classes = {
	};
	objectVersion = 56;
	objects = {

/* Begin PBXBuildFile section */
		4A5C77922A8F961500926676 /* WidgetKit.framework in Frameworks */ = {isa = PBXBuildFile; fileRef = 4A5C77912A8F961400926676 /* WidgetKit.framework */; };
		4A5C77942A8F961500926676 /* SwiftUI.framework in Frameworks */ = {isa = PBXBuildFile; fileRef = 4A5C77932A8F961500926676 /* SwiftUI.framework */; };
		4A5C77972A8F961500926676 /* widgets_live_activityBundle.swift in Sources */ = {isa = PBXBuildFile; fileRef = 4A5C77962A8F961500926676 /* widgets_live_activityBundle.swift */; };
		4A5C77992A8F961500926676 /* widgets_live_activityLiveActivity.swift in Sources */ = {isa = PBXBuildFile; fileRef = 4A5C77982A8F961500926676 /* widgets_live_activityLiveActivity.swift */; };
		4A5C779B2A8F961500926676 /* widgets_live_activity.swift in Sources */ = {isa = PBXBuildFile; fileRef = 4A5C779A2A8F961500926676 /* widgets_live_activity.swift */; };
		4A5C779E2A8F961700926676 /* Assets.xcassets in Resources */ = {isa = PBXBuildFile; fileRef = 4A5C779D2A8F961700926676 /* Assets.xcassets */; };
		4A5C77A02A8F961700926676 /* widgets_live_activity.intentdefinition in Sources */ = {isa = PBXBuildFile; fileRef = 4A5C779C2A8F961500926676 /* widgets_live_activity.intentdefinition */; };
		4A5C77A12A8F961700926676 /* widgets_live_activity.intentdefinition in Sources */ = {isa = PBXBuildFile; fileRef = 4A5C779C2A8F961500926676 /* widgets_live_activity.intentdefinition */; };
		4A5C77A42A8F961700926676 /* widgets-live-activityExtension.appex in Embed Foundation Extensions */ = {isa = PBXBuildFile; fileRef = 4A5C778F2A8F961400926676 /* widgets-live-activityExtension.appex */; settings = {ATTRIBUTES = (RemoveHeadersOnCopy, ); }; };
		4A5C77AA2A8F98E700926676 /* TimerAttributes.swift in Sources */ = {isa = PBXBuildFile; fileRef = 4A5C77A92A8F98E700926676 /* TimerAttributes.swift */; };
		4A5C77AB2A8F98E700926676 /* TimerAttributes.swift in Sources */ = {isa = PBXBuildFile; fileRef = 4A5C77A92A8F98E700926676 /* TimerAttributes.swift */; };
		4A708B1E2A8E10C90060321A /* live_activity_ios16App.swift in Sources */ = {isa = PBXBuildFile; fileRef = 4A708B1D2A8E10C90060321A /* live_activity_ios16App.swift */; };
		4A708B202A8E10C90060321A /* ContentView.swift in Sources */ = {isa = PBXBuildFile; fileRef = 4A708B1F2A8E10C90060321A /* ContentView.swift */; };
		4A708B222A8E10CE0060321A /* Assets.xcassets in Resources */ = {isa = PBXBuildFile; fileRef = 4A708B212A8E10CE0060321A /* Assets.xcassets */; };
		4A708B252A8E10CE0060321A /* Preview Assets.xcassets in Resources */ = {isa = PBXBuildFile; fileRef = 4A708B242A8E10CE0060321A /* Preview Assets.xcassets */; };
		4A708B2F2A8E10CE0060321A /* live_activity_ios16Tests.swift in Sources */ = {isa = PBXBuildFile; fileRef = 4A708B2E2A8E10CE0060321A /* live_activity_ios16Tests.swift */; };
		4A708B392A8E10CE0060321A /* live_activity_ios16UITests.swift in Sources */ = {isa = PBXBuildFile; fileRef = 4A708B382A8E10CE0060321A /* live_activity_ios16UITests.swift */; };
		4A708B3B2A8E10CE0060321A /* live_activity_ios16UITestsLaunchTests.swift in Sources */ = {isa = PBXBuildFile; fileRef = 4A708B3A2A8E10CE0060321A /* live_activity_ios16UITestsLaunchTests.swift */; };
/* End PBXBuildFile section */

/* Begin PBXContainerItemProxy section */
		4A5C77A22A8F961700926676 /* PBXContainerItemProxy */ = {
			isa = PBXContainerItemProxy;
			containerPortal = 4A708B122A8E10C90060321A /* Project object */;
			proxyType = 1;
			remoteGlobalIDString = 4A5C778E2A8F961400926676;
			remoteInfo = "widgets-live-activityExtension";
		};
		4A708B2B2A8E10CE0060321A /* PBXContainerItemProxy */ = {
			isa = PBXContainerItemProxy;
			containerPortal = 4A708B122A8E10C90060321A /* Project object */;
			proxyType = 1;
			remoteGlobalIDString = 4A708B192A8E10C90060321A;
			remoteInfo = "live-activity-ios16";
		};
		4A708B352A8E10CE0060321A /* PBXContainerItemProxy */ = {
			isa = PBXContainerItemProxy;
			containerPortal = 4A708B122A8E10C90060321A /* Project object */;
			proxyType = 1;
			remoteGlobalIDString = 4A708B192A8E10C90060321A;
			remoteInfo = "live-activity-ios16";
		};
/* End PBXContainerItemProxy section */

/* Begin PBXCopyFilesBuildPhase section */
		4A5C77A82A8F961700926676 /* Embed Foundation Extensions */ = {
			isa = PBXCopyFilesBuildPhase;
			buildActionMask = 2147483647;
			dstPath = "";
			dstSubfolderSpec = 13;
			files = (
				4A5C77A42A8F961700926676 /* widgets-live-activityExtension.appex in Embed Foundation Extensions */,
			);
			name = "Embed Foundation Extensions";
			runOnlyForDeploymentPostprocessing = 0;
		};
/* End PBXCopyFilesBuildPhase section */

/* Begin PBXFileReference section */
		4A5C778F2A8F961400926676 /* widgets-live-activityExtension.appex */ = {isa = PBXFileReference; explicitFileType = "wrapper.app-extension"; includeInIndex = 0; path = "widgets-live-activityExtension.appex"; sourceTree = BUILT_PRODUCTS_DIR; };
		4A5C77912A8F961400926676 /* WidgetKit.framework */ = {isa = PBXFileReference; lastKnownFileType = wrapper.framework; name = WidgetKit.framework; path = System/Library/Frameworks/WidgetKit.framework; sourceTree = SDKROOT; };
		4A5C77932A8F961500926676 /* SwiftUI.framework */ = {isa = PBXFileReference; lastKnownFileType = wrapper.framework; name = SwiftUI.framework; path = System/Library/Frameworks/SwiftUI.framework; sourceTree = SDKROOT; };
		4A5C77962A8F961500926676 /* widgets_live_activityBundle.swift */ = {isa = PBXFileReference; lastKnownFileType = sourcecode.swift; path = widgets_live_activityBundle.swift; sourceTree = "<group>"; };
		4A5C77982A8F961500926676 /* widgets_live_activityLiveActivity.swift */ = {isa = PBXFileReference; lastKnownFileType = sourcecode.swift; path = widgets_live_activityLiveActivity.swift; sourceTree = "<group>"; };
		4A5C779A2A8F961500926676 /* widgets_live_activity.swift */ = {isa = PBXFileReference; lastKnownFileType = sourcecode.swift; path = widgets_live_activity.swift; sourceTree = "<group>"; };
		4A5C779C2A8F961500926676 /* widgets_live_activity.intentdefinition */ = {isa = PBXFileReference; lastKnownFileType = file.intentdefinition; path = widgets_live_activity.intentdefinition; sourceTree = "<group>"; };
		4A5C779D2A8F961700926676 /* Assets.xcassets */ = {isa = PBXFileReference; lastKnownFileType = folder.assetcatalog; path = Assets.xcassets; sourceTree = "<group>"; };
		4A5C779F2A8F961700926676 /* Info.plist */ = {isa = PBXFileReference; lastKnownFileType = text.plist.xml; path = Info.plist; sourceTree = "<group>"; };
		4A5C77A92A8F98E700926676 /* TimerAttributes.swift */ = {isa = PBXFileReference; lastKnownFileType = sourcecode.swift; path = TimerAttributes.swift; sourceTree = "<group>"; };
		4A708B1A2A8E10C90060321A /* live-activity-ios16.app */ = {isa = PBXFileReference; explicitFileType = wrapper.application; includeInIndex = 0; path = "live-activity-ios16.app"; sourceTree = BUILT_PRODUCTS_DIR; };
		4A708B1D2A8E10C90060321A /* live_activity_ios16App.swift */ = {isa = PBXFileReference; lastKnownFileType = sourcecode.swift; path = live_activity_ios16App.swift; sourceTree = "<group>"; };
		4A708B1F2A8E10C90060321A /* ContentView.swift */ = {isa = PBXFileReference; lastKnownFileType = sourcecode.swift; path = ContentView.swift; sourceTree = "<group>"; };
		4A708B212A8E10CE0060321A /* Assets.xcassets */ = {isa = PBXFileReference; lastKnownFileType = folder.assetcatalog; path = Assets.xcassets; sourceTree = "<group>"; };
		4A708B242A8E10CE0060321A /* Preview Assets.xcassets */ = {isa = PBXFileReference; lastKnownFileType = folder.assetcatalog; path = "Preview Assets.xcassets"; sourceTree = "<group>"; };
		4A708B2A2A8E10CE0060321A /* live-activity-ios16Tests.xctest */ = {isa = PBXFileReference; explicitFileType = wrapper.cfbundle; includeInIndex = 0; path = "live-activity-ios16Tests.xctest"; sourceTree = BUILT_PRODUCTS_DIR; };
		4A708B2E2A8E10CE0060321A /* live_activity_ios16Tests.swift */ = {isa = PBXFileReference; lastKnownFileType = sourcecode.swift; path = live_activity_ios16Tests.swift; sourceTree = "<group>"; };
		4A708B342A8E10CE0060321A /* live-activity-ios16UITests.xctest */ = {isa = PBXFileReference; explicitFileType = wrapper.cfbundle; includeInIndex = 0; path = "live-activity-ios16UITests.xctest"; sourceTree = BUILT_PRODUCTS_DIR; };
		4A708B382A8E10CE0060321A /* live_activity_ios16UITests.swift */ = {isa = PBXFileReference; lastKnownFileType = sourcecode.swift; path = live_activity_ios16UITests.swift; sourceTree = "<group>"; };
		4A708B3A2A8E10CE0060321A /* live_activity_ios16UITestsLaunchTests.swift */ = {isa = PBXFileReference; lastKnownFileType = sourcecode.swift; path = live_activity_ios16UITestsLaunchTests.swift; sourceTree = "<group>"; };
/* End PBXFileReference section */

/* Begin PBXFrameworksBuildPhase section */
		4A5C778C2A8F961400926676 /* Frameworks */ = {
			isa = PBXFrameworksBuildPhase;
			buildActionMask = 2147483647;
			files = (
				4A5C77942A8F961500926676 /* SwiftUI.framework in Frameworks */,
				4A5C77922A8F961500926676 /* WidgetKit.framework in Frameworks */,
			);
			runOnlyForDeploymentPostprocessing = 0;
		};
		4A708B172A8E10C90060321A /* Frameworks */ = {
			isa = PBXFrameworksBuildPhase;
			buildActionMask = 2147483647;
			files = (
			);
			runOnlyForDeploymentPostprocessing = 0;
		};
		4A708B272A8E10CE0060321A /* Frameworks */ = {
			isa = PBXFrameworksBuildPhase;
			buildActionMask = 2147483647;
			files = (
			);
			runOnlyForDeploymentPostprocessing = 0;
		};
		4A708B312A8E10CE0060321A /* Frameworks */ = {
			isa = PBXFrameworksBuildPhase;
			buildActionMask = 2147483647;
			files = (
			);
			runOnlyForDeploymentPostprocessing = 0;
		};
/* End PBXFrameworksBuildPhase section */

/* Begin PBXGroup section */
		4A5C77902A8F961400926676 /* Frameworks */ = {
			isa = PBXGroup;
			children = (
				4A5C77912A8F961400926676 /* WidgetKit.framework */,
				4A5C77932A8F961500926676 /* SwiftUI.framework */,
			);
			name = Frameworks;
			sourceTree = "<group>";
		};
		4A5C77952A8F961500926676 /* widgets-live-activity */ = {
			isa = PBXGroup;
			children = (
				4A5C77962A8F961500926676 /* widgets_live_activityBundle.swift */,
				4A5C77982A8F961500926676 /* widgets_live_activityLiveActivity.swift */,
				4A5C779A2A8F961500926676 /* widgets_live_activity.swift */,
				4A5C779C2A8F961500926676 /* widgets_live_activity.intentdefinition */,
				4A5C779D2A8F961700926676 /* Assets.xcassets */,
				4A5C779F2A8F961700926676 /* Info.plist */,
			);
			path = "widgets-live-activity";
			sourceTree = "<group>";
		};
		4A708B112A8E10C90060321A = {
			isa = PBXGroup;
			children = (
				4A708B1C2A8E10C90060321A /* live-activity-ios16 */,
				4A708B2D2A8E10CE0060321A /* live-activity-ios16Tests */,
				4A708B372A8E10CE0060321A /* live-activity-ios16UITests */,
				4A5C77902A8F961400926676 /* Frameworks */,
				4A5C77952A8F961500926676 /* widgets-live-activity */,
				4A708B1B2A8E10C90060321A /* Products */,
			);
			sourceTree = "<group>";
		};
		4A708B1B2A8E10C90060321A /* Products */ = {
			isa = PBXGroup;
			children = (
				4A708B1A2A8E10C90060321A /* live-activity-ios16.app */,
				4A708B2A2A8E10CE0060321A /* live-activity-ios16Tests.xctest */,
				4A708B342A8E10CE0060321A /* live-activity-ios16UITests.xctest */,
				4A5C778F2A8F961400926676 /* widgets-live-activityExtension.appex */,
			);
			name = Products;
			sourceTree = "<group>";
		};
		4A708B1C2A8E10C90060321A /* live-activity-ios16 */ = {
			isa = PBXGroup;
			children = (
				4A708B1D2A8E10C90060321A /* live_activity_ios16App.swift */,
				4A708B1F2A8E10C90060321A /* ContentView.swift */,
				4A708B212A8E10CE0060321A /* Assets.xcassets */,
				4A708B232A8E10CE0060321A /* Preview Content */,
				4A5C77A92A8F98E700926676 /* TimerAttributes.swift */,
			);
			path = "live-activity-ios16";
			sourceTree = "<group>";
		};
		4A708B232A8E10CE0060321A /* Preview Content */ = {
			isa = PBXGroup;
			children = (
				4A708B242A8E10CE0060321A /* Preview Assets.xcassets */,
			);
			path = "Preview Content";
			sourceTree = "<group>";
		};
		4A708B2D2A8E10CE0060321A /* live-activity-ios16Tests */ = {
			isa = PBXGroup;
			children = (
				4A708B2E2A8E10CE0060321A /* live_activity_ios16Tests.swift */,
			);
			path = "live-activity-ios16Tests";
			sourceTree = "<group>";
		};
		4A708B372A8E10CE0060321A /* live-activity-ios16UITests */ = {
			isa = PBXGroup;
			children = (
				4A708B382A8E10CE0060321A /* live_activity_ios16UITests.swift */,
				4A708B3A2A8E10CE0060321A /* live_activity_ios16UITestsLaunchTests.swift */,
			);
			path = "live-activity-ios16UITests";
			sourceTree = "<group>";
		};
/* End PBXGroup section */

/* Begin PBXNativeTarget section */
		4A5C778E2A8F961400926676 /* widgets-live-activityExtension */ = {
			isa = PBXNativeTarget;
			buildConfigurationList = 4A5C77A52A8F961700926676 /* Build configuration list for PBXNativeTarget "widgets-live-activityExtension" */;
			buildPhases = (
				4A5C778B2A8F961400926676 /* Sources */,
				4A5C778C2A8F961400926676 /* Frameworks */,
				4A5C778D2A8F961400926676 /* Resources */,
			);
			buildRules = (
			);
			dependencies = (
			);
			name = "widgets-live-activityExtension";
			productName = "widgets-live-activityExtension";
			productReference = 4A5C778F2A8F961400926676 /* widgets-live-activityExtension.appex */;
			productType = "com.apple.product-type.app-extension";
		};
		4A708B192A8E10C90060321A /* live-activity-ios16 */ = {
			isa = PBXNativeTarget;
			buildConfigurationList = 4A708B3E2A8E10CE0060321A /* Build configuration list for PBXNativeTarget "live-activity-ios16" */;
			buildPhases = (
				4A708B162A8E10C90060321A /* Sources */,
				4A708B172A8E10C90060321A /* Frameworks */,
				4A708B182A8E10C90060321A /* Resources */,
				4A5C77A82A8F961700926676 /* Embed Foundation Extensions */,
			);
			buildRules = (
			);
			dependencies = (
				4A5C77A32A8F961700926676 /* PBXTargetDependency */,
			);
			name = "live-activity-ios16";
			productName = "live-activity-ios16";
			productReference = 4A708B1A2A8E10C90060321A /* live-activity-ios16.app */;
			productType = "com.apple.product-type.application";
		};
		4A708B292A8E10CE0060321A /* live-activity-ios16Tests */ = {
			isa = PBXNativeTarget;
			buildConfigurationList = 4A708B412A8E10CE0060321A /* Build configuration list for PBXNativeTarget "live-activity-ios16Tests" */;
			buildPhases = (
				4A708B262A8E10CE0060321A /* Sources */,
				4A708B272A8E10CE0060321A /* Frameworks */,
				4A708B282A8E10CE0060321A /* Resources */,
			);
			buildRules = (
			);
			dependencies = (
				4A708B2C2A8E10CE0060321A /* PBXTargetDependency */,
			);
			name = "live-activity-ios16Tests";
			productName = "live-activity-ios16Tests";
			productReference = 4A708B2A2A8E10CE0060321A /* live-activity-ios16Tests.xctest */;
			productType = "com.apple.product-type.bundle.unit-test";
		};
		4A708B332A8E10CE0060321A /* live-activity-ios16UITests */ = {
			isa = PBXNativeTarget;
			buildConfigurationList = 4A708B442A8E10CE0060321A /* Build configuration list for PBXNativeTarget "live-activity-ios16UITests" */;
			buildPhases = (
				4A708B302A8E10CE0060321A /* Sources */,
				4A708B312A8E10CE0060321A /* Frameworks */,
				4A708B322A8E10CE0060321A /* Resources */,
			);
			buildRules = (
			);
			dependencies = (
				4A708B362A8E10CE0060321A /* PBXTargetDependency */,
			);
			name = "live-activity-ios16UITests";
			productName = "live-activity-ios16UITests";
			productReference = 4A708B342A8E10CE0060321A /* live-activity-ios16UITests.xctest */;
			productType = "com.apple.product-type.bundle.ui-testing";
		};
/* End PBXNativeTarget section */

/* Begin PBXProject section */
		4A708B122A8E10C90060321A /* Project object */ = {
			isa = PBXProject;
			attributes = {
				BuildIndependentTargetsInParallel = 1;
				LastSwiftUpdateCheck = 1430;
				LastUpgradeCheck = 1430;
				TargetAttributes = {
					4A5C778E2A8F961400926676 = {
						CreatedOnToolsVersion = 14.3.1;
					};
					4A708B192A8E10C90060321A = {
						CreatedOnToolsVersion = 14.3.1;
					};
					4A708B292A8E10CE0060321A = {
						CreatedOnToolsVersion = 14.3.1;
						TestTargetID = 4A708B192A8E10C90060321A;
					};
					4A708B332A8E10CE0060321A = {
						CreatedOnToolsVersion = 14.3.1;
						TestTargetID = 4A708B192A8E10C90060321A;
					};
				};
			};
			buildConfigurationList = 4A708B152A8E10C90060321A /* Build configuration list for PBXProject "live-activity-ios16" */;
			compatibilityVersion = "Xcode 14.0";
			developmentRegion = en;
			hasScannedForEncodings = 0;
			knownRegions = (
				en,
				Base,
			);
			mainGroup = 4A708B112A8E10C90060321A;
			productRefGroup = 4A708B1B2A8E10C90060321A /* Products */;
			projectDirPath = "";
			projectRoot = "";
			targets = (
				4A708B192A8E10C90060321A /* live-activity-ios16 */,
				4A708B292A8E10CE0060321A /* live-activity-ios16Tests */,
				4A708B332A8E10CE0060321A /* live-activity-ios16UITests */,
				4A5C778E2A8F961400926676 /* widgets-live-activityExtension */,
			);
		};
/* End PBXProject section */

/* Begin PBXResourcesBuildPhase section */
		4A5C778D2A8F961400926676 /* Resources */ = {
			isa = PBXResourcesBuildPhase;
			buildActionMask = 2147483647;
			files = (
				4A5C779E2A8F961700926676 /* Assets.xcassets in Resources */,
			);
			runOnlyForDeploymentPostprocessing = 0;
		};
		4A708B182A8E10C90060321A /* Resources */ = {
			isa = PBXResourcesBuildPhase;
			buildActionMask = 2147483647;
			files = (
				4A708B252A8E10CE0060321A /* Preview Assets.xcassets in Resources */,
				4A708B222A8E10CE0060321A /* Assets.xcassets in Resources */,
			);
			runOnlyForDeploymentPostprocessing = 0;
		};
		4A708B282A8E10CE0060321A /* Resources */ = {
			isa = PBXResourcesBuildPhase;
			buildActionMask = 2147483647;
			files = (
			);
			runOnlyForDeploymentPostprocessing = 0;
		};
		4A708B322A8E10CE0060321A /* Resources */ = {
			isa = PBXResourcesBuildPhase;
			buildActionMask = 2147483647;
			files = (
			);
			runOnlyForDeploymentPostprocessing = 0;
		};
/* End PBXResourcesBuildPhase section */

/* Begin PBXSourcesBuildPhase section */
		4A5C778B2A8F961400926676 /* Sources */ = {
			isa = PBXSourcesBuildPhase;
			buildActionMask = 2147483647;
			files = (
				4A5C779B2A8F961500926676 /* widgets_live_activity.swift in Sources */,
				4A5C77A02A8F961700926676 /* widgets_live_activity.intentdefinition in Sources */,
				4A5C77972A8F961500926676 /* widgets_live_activityBundle.swift in Sources */,
				4A5C77AB2A8F98E700926676 /* TimerAttributes.swift in Sources */,
				4A5C77992A8F961500926676 /* widgets_live_activityLiveActivity.swift in Sources */,
			);
			runOnlyForDeploymentPostprocessing = 0;
		};
		4A708B162A8E10C90060321A /* Sources */ = {
			isa = PBXSourcesBuildPhase;
			buildActionMask = 2147483647;
			files = (
				4A5C77AA2A8F98E700926676 /* TimerAttributes.swift in Sources */,
				4A5C77A12A8F961700926676 /* widgets_live_activity.intentdefinition in Sources */,
				4A708B202A8E10C90060321A /* ContentView.swift in Sources */,
				4A708B1E2A8E10C90060321A /* live_activity_ios16App.swift in Sources */,
			);
			runOnlyForDeploymentPostprocessing = 0;
		};
		4A708B262A8E10CE0060321A /* Sources */ = {
			isa = PBXSourcesBuildPhase;
			buildActionMask = 2147483647;
			files = (
				4A708B2F2A8E10CE0060321A /* live_activity_ios16Tests.swift in Sources */,
			);
			runOnlyForDeploymentPostprocessing = 0;
		};
		4A708B302A8E10CE0060321A /* Sources */ = {
			isa = PBXSourcesBuildPhase;
			buildActionMask = 2147483647;
			files = (
				4A708B3B2A8E10CE0060321A /* live_activity_ios16UITestsLaunchTests.swift in Sources */,
				4A708B392A8E10CE0060321A /* live_activity_ios16UITests.swift in Sources */,
			);
			runOnlyForDeploymentPostprocessing = 0;
		};
/* End PBXSourcesBuildPhase section */

/* Begin PBXTargetDependency section */
		4A5C77A32A8F961700926676 /* PBXTargetDependency */ = {
			isa = PBXTargetDependency;
			target = 4A5C778E2A8F961400926676 /* widgets-live-activityExtension */;
			targetProxy = 4A5C77A22A8F961700926676 /* PBXContainerItemProxy */;
		};
		4A708B2C2A8E10CE0060321A /* PBXTargetDependency */ = {
			isa = PBXTargetDependency;
			target = 4A708B192A8E10C90060321A /* live-activity-ios16 */;
			targetProxy = 4A708B2B2A8E10CE0060321A /* PBXContainerItemProxy */;
		};
		4A708B362A8E10CE0060321A /* PBXTargetDependency */ = {
			isa = PBXTargetDependency;
			target = 4A708B192A8E10C90060321A /* live-activity-ios16 */;
			targetProxy = 4A708B352A8E10CE0060321A /* PBXContainerItemProxy */;
		};
/* End PBXTargetDependency section */

/* Begin XCBuildConfiguration section */
		4A5C77A62A8F961700926676 /* Debug */ = {
			isa = XCBuildConfiguration;
			buildSettings = {
				ASSETCATALOG_COMPILER_GLOBAL_ACCENT_COLOR_NAME = AccentColor;
				ASSETCATALOG_COMPILER_WIDGET_BACKGROUND_COLOR_NAME = WidgetBackground;
				CODE_SIGN_STYLE = Automatic;
				CURRENT_PROJECT_VERSION = 1;
				DEVELOPMENT_TEAM = 9H369CM94A;
				GENERATE_INFOPLIST_FILE = YES;
				INFOPLIST_FILE = "widgets-live-activity/Info.plist";
				INFOPLIST_KEY_CFBundleDisplayName = "widgets-live-activity";
				INFOPLIST_KEY_NSHumanReadableCopyright = "";
				LD_RUNPATH_SEARCH_PATHS = (
					"$(inherited)",
					"@executable_path/Frameworks",
					"@executable_path/../../Frameworks",
				);
				MARKETING_VERSION = 1.0;
				PRODUCT_BUNDLE_IDENTIFIER = "io.iosacademy.live-activity-ios16.widgets-live-activity";
				PRODUCT_NAME = "$(TARGET_NAME)";
				SKIP_INSTALL = YES;
				SWIFT_EMIT_LOC_STRINGS = YES;
				SWIFT_VERSION = 5.0;
				TARGETED_DEVICE_FAMILY = "1,2";
			};
			name = Debug;
		};
		4A5C77A72A8F961700926676 /* Release */ = {
			isa = XCBuildConfiguration;
			buildSettings = {
				ASSETCATALOG_COMPILER_GLOBAL_ACCENT_COLOR_NAME = AccentColor;
				ASSETCATALOG_COMPILER_WIDGET_BACKGROUND_COLOR_NAME = WidgetBackground;
				CODE_SIGN_STYLE = Automatic;
				CURRENT_PROJECT_VERSION = 1;
				DEVELOPMENT_TEAM = 9H369CM94A;
				GENERATE_INFOPLIST_FILE = YES;
				INFOPLIST_FILE = "widgets-live-activity/Info.plist";
				INFOPLIST_KEY_CFBundleDisplayName = "widgets-live-activity";
				INFOPLIST_KEY_NSHumanReadableCopyright = "";
				LD_RUNPATH_SEARCH_PATHS = (
					"$(inherited)",
					"@executable_path/Frameworks",
					"@executable_path/../../Frameworks",
				);
				MARKETING_VERSION = 1.0;
				PRODUCT_BUNDLE_IDENTIFIER = "io.iosacademy.live-activity-ios16.widgets-live-activity";
				PRODUCT_NAME = "$(TARGET_NAME)";
				SKIP_INSTALL = YES;
				SWIFT_EMIT_LOC_STRINGS = YES;
				SWIFT_VERSION = 5.0;
				TARGETED_DEVICE_FAMILY = "1,2";
			};
			name = Release;
		};
		4A708B3C2A8E10CE0060321A /* Debug */ = {
			isa = XCBuildConfiguration;
			buildSettings = {
				ALWAYS_SEARCH_USER_PATHS = NO;
				CLANG_ANALYZER_NONNULL = YES;
				CLANG_ANALYZER_NUMBER_OBJECT_CONVERSION = YES_AGGRESSIVE;
				CLANG_CXX_LANGUAGE_STANDARD = "gnu++20";
				CLANG_ENABLE_MODULES = YES;
				CLANG_ENABLE_OBJC_ARC = YES;
				CLANG_ENABLE_OBJC_WEAK = YES;
				CLANG_WARN_BLOCK_CAPTURE_AUTORELEASING = YES;
				CLANG_WARN_BOOL_CONVERSION = YES;
				CLANG_WARN_COMMA = YES;
				CLANG_WARN_CONSTANT_CONVERSION = YES;
				CLANG_WARN_DEPRECATED_OBJC_IMPLEMENTATIONS = YES;
				CLANG_WARN_DIRECT_OBJC_ISA_USAGE = YES_ERROR;
				CLANG_WARN_DOCUMENTATION_COMMENTS = YES;
				CLANG_WARN_EMPTY_BODY = YES;
				CLANG_WARN_ENUM_CONVERSION = YES;
				CLANG_WARN_INFINITE_RECURSION = YES;
				CLANG_WARN_INT_CONVERSION = YES;
				CLANG_WARN_NON_LITERAL_NULL_CONVERSION = YES;
				CLANG_WARN_OBJC_IMPLICIT_RETAIN_SELF = YES;
				CLANG_WARN_OBJC_LITERAL_CONVERSION = YES;
				CLANG_WARN_OBJC_ROOT_CLASS = YES_ERROR;
				CLANG_WARN_QUOTED_INCLUDE_IN_FRAMEWORK_HEADER = YES;
				CLANG_WARN_RANGE_LOOP_ANALYSIS = YES;
				CLANG_WARN_STRICT_PROTOTYPES = YES;
				CLANG_WARN_SUSPICIOUS_MOVE = YES;
				CLANG_WARN_UNGUARDED_AVAILABILITY = YES_AGGRESSIVE;
				CLANG_WARN_UNREACHABLE_CODE = YES;
				CLANG_WARN__DUPLICATE_METHOD_MATCH = YES;
				COPY_PHASE_STRIP = NO;
				DEBUG_INFORMATION_FORMAT = dwarf;
				ENABLE_STRICT_OBJC_MSGSEND = YES;
				ENABLE_TESTABILITY = YES;
				GCC_C_LANGUAGE_STANDARD = gnu11;
				GCC_DYNAMIC_NO_PIC = NO;
				GCC_NO_COMMON_BLOCKS = YES;
				GCC_OPTIMIZATION_LEVEL = 0;
				GCC_PREPROCESSOR_DEFINITIONS = (
					"DEBUG=1",
					"$(inherited)",
				);
				GCC_WARN_64_TO_32_BIT_CONVERSION = YES;
				GCC_WARN_ABOUT_RETURN_TYPE = YES_ERROR;
				GCC_WARN_UNDECLARED_SELECTOR = YES;
				GCC_WARN_UNINITIALIZED_AUTOS = YES_AGGRESSIVE;
				GCC_WARN_UNUSED_FUNCTION = YES;
				GCC_WARN_UNUSED_VARIABLE = YES;
				IPHONEOS_DEPLOYMENT_TARGET = 16.4;
				MTL_ENABLE_DEBUG_INFO = INCLUDE_SOURCE;
				MTL_FAST_MATH = YES;
				ONLY_ACTIVE_ARCH = YES;
				SDKROOT = iphoneos;
				SWIFT_ACTIVE_COMPILATION_CONDITIONS = DEBUG;
				SWIFT_OPTIMIZATION_LEVEL = "-Onone";
			};
			name = Debug;
		};
		4A708B3D2A8E10CE0060321A /* Release */ = {
			isa = XCBuildConfiguration;
			buildSettings = {
				ALWAYS_SEARCH_USER_PATHS = NO;
				CLANG_ANALYZER_NONNULL = YES;
				CLANG_ANALYZER_NUMBER_OBJECT_CONVERSION = YES_AGGRESSIVE;
				CLANG_CXX_LANGUAGE_STANDARD = "gnu++20";
				CLANG_ENABLE_MODULES = YES;
				CLANG_ENABLE_OBJC_ARC = YES;
				CLANG_ENABLE_OBJC_WEAK = YES;
				CLANG_WARN_BLOCK_CAPTURE_AUTORELEASING = YES;
				CLANG_WARN_BOOL_CONVERSION = YES;
				CLANG_WARN_COMMA = YES;
				CLANG_WARN_CONSTANT_CONVERSION = YES;
				CLANG_WARN_DEPRECATED_OBJC_IMPLEMENTATIONS = YES;
				CLANG_WARN_DIRECT_OBJC_ISA_USAGE = YES_ERROR;
				CLANG_WARN_DOCUMENTATION_COMMENTS = YES;
				CLANG_WARN_EMPTY_BODY = YES;
				CLANG_WARN_ENUM_CONVERSION = YES;
				CLANG_WARN_INFINITE_RECURSION = YES;
				CLANG_WARN_INT_CONVERSION = YES;
				CLANG_WARN_NON_LITERAL_NULL_CONVERSION = YES;
				CLANG_WARN_OBJC_IMPLICIT_RETAIN_SELF = YES;
				CLANG_WARN_OBJC_LITERAL_CONVERSION = YES;
				CLANG_WARN_OBJC_ROOT_CLASS = YES_ERROR;
				CLANG_WARN_QUOTED_INCLUDE_IN_FRAMEWORK_HEADER = YES;
				CLANG_WARN_RANGE_LOOP_ANALYSIS = YES;
				CLANG_WARN_STRICT_PROTOTYPES = YES;
				CLANG_WARN_SUSPICIOUS_MOVE = YES;
				CLANG_WARN_UNGUARDED_AVAILABILITY = YES_AGGRESSIVE;
				CLANG_WARN_UNREACHABLE_CODE = YES;
				CLANG_WARN__DUPLICATE_METHOD_MATCH = YES;
				COPY_PHASE_STRIP = NO;
				DEBUG_INFORMATION_FORMAT = "dwarf-with-dsym";
				ENABLE_NS_ASSERTIONS = NO;
				ENABLE_STRICT_OBJC_MSGSEND = YES;
				GCC_C_LANGUAGE_STANDARD = gnu11;
				GCC_NO_COMMON_BLOCKS = YES;
				GCC_WARN_64_TO_32_BIT_CONVERSION = YES;
				GCC_WARN_ABOUT_RETURN_TYPE = YES_ERROR;
				GCC_WARN_UNDECLARED_SELECTOR = YES;
				GCC_WARN_UNINITIALIZED_AUTOS = YES_AGGRESSIVE;
				GCC_WARN_UNUSED_FUNCTION = YES;
				GCC_WARN_UNUSED_VARIABLE = YES;
				IPHONEOS_DEPLOYMENT_TARGET = 16.4;
				MTL_ENABLE_DEBUG_INFO = NO;
				MTL_FAST_MATH = YES;
				SDKROOT = iphoneos;
				SWIFT_COMPILATION_MODE = wholemodule;
				SWIFT_OPTIMIZATION_LEVEL = "-O";
				VALIDATE_PRODUCT = YES;
			};
			name = Release;
		};
		4A708B3F2A8E10CE0060321A /* Debug */ = {
			isa = XCBuildConfiguration;
			buildSettings = {
				ALWAYS_EMBED_SWIFT_STANDARD_LIBRARIES = YES;
				ASSETCATALOG_COMPILER_APPICON_NAME = AppIcon;
				ASSETCATALOG_COMPILER_GLOBAL_ACCENT_COLOR_NAME = AccentColor;
				CODE_SIGN_STYLE = Automatic;
				CURRENT_PROJECT_VERSION = 1;
				DEVELOPMENT_ASSET_PATHS = "\"live-activity-ios16/Preview Content\"";
				DEVELOPMENT_TEAM = 9H369CM94A;
				ENABLE_PREVIEWS = YES;
				GENERATE_INFOPLIST_FILE = YES;
				INFOPLIST_KEY_UIApplicationSceneManifest_Generation = YES;
				INFOPLIST_KEY_UIApplicationSupportsIndirectInputEvents = YES;
				INFOPLIST_KEY_UILaunchScreen_Generation = YES;
				INFOPLIST_KEY_UISupportedInterfaceOrientations_iPad = "UIInterfaceOrientationPortrait UIInterfaceOrientationPortraitUpsideDown UIInterfaceOrientationLandscapeLeft UIInterfaceOrientationLandscapeRight";
				INFOPLIST_KEY_UISupportedInterfaceOrientations_iPhone = "UIInterfaceOrientationPortrait UIInterfaceOrientationLandscapeLeft UIInterfaceOrientationLandscapeRight";
				LD_RUNPATH_SEARCH_PATHS = (
					"$(inherited)",
					"@executable_path/Frameworks",
				);
				MARKETING_VERSION = 1.0;
				PRODUCT_BUNDLE_IDENTIFIER = "io.iosacademy.live-activity-ios16";
				PRODUCT_NAME = "$(TARGET_NAME)";
				SWIFT_EMIT_LOC_STRINGS = YES;
				SWIFT_VERSION = 5.0;
				TARGETED_DEVICE_FAMILY = "1,2";
			};
			name = Debug;
		};
		4A708B402A8E10CE0060321A /* Release */ = {
			isa = XCBuildConfiguration;
			buildSettings = {
				ALWAYS_EMBED_SWIFT_STANDARD_LIBRARIES = YES;
				ASSETCATALOG_COMPILER_APPICON_NAME = AppIcon;
				ASSETCATALOG_COMPILER_GLOBAL_ACCENT_COLOR_NAME = AccentColor;
				CODE_SIGN_STYLE = Automatic;
				CURRENT_PROJECT_VERSION = 1;
				DEVELOPMENT_ASSET_PATHS = "\"live-activity-ios16/Preview Content\"";
				DEVELOPMENT_TEAM = 9H369CM94A;
				ENABLE_PREVIEWS = YES;
				GENERATE_INFOPLIST_FILE = YES;
				INFOPLIST_KEY_UIApplicationSceneManifest_Generation = YES;
				INFOPLIST_KEY_UIApplicationSupportsIndirectInputEvents = YES;
				INFOPLIST_KEY_UILaunchScreen_Generation = YES;
				INFOPLIST_KEY_UISupportedInterfaceOrientations_iPad = "UIInterfaceOrientationPortrait UIInterfaceOrientationPortraitUpsideDown UIInterfaceOrientationLandscapeLeft UIInterfaceOrientationLandscapeRight";
				INFOPLIST_KEY_UISupportedInterfaceOrientations_iPhone = "UIInterfaceOrientationPortrait UIInterfaceOrientationLandscapeLeft UIInterfaceOrientationLandscapeRight";
				LD_RUNPATH_SEARCH_PATHS = (
					"$(inherited)",
					"@executable_path/Frameworks",
				);
				MARKETING_VERSION = 1.0;
				PRODUCT_BUNDLE_IDENTIFIER = "io.iosacademy.live-activity-ios16";
				PRODUCT_NAME = "$(TARGET_NAME)";
				SWIFT_EMIT_LOC_STRINGS = YES;
				SWIFT_VERSION = 5.0;
				TARGETED_DEVICE_FAMILY = "1,2";
			};
			name = Release;
		};
		4A708B422A8E10CE0060321A /* Debug */ = {
			isa = XCBuildConfiguration;
			buildSettings = {
				ALWAYS_EMBED_SWIFT_STANDARD_LIBRARIES = YES;
				BUNDLE_LOADER = "$(TEST_HOST)";
				CODE_SIGN_STYLE = Automatic;
				CURRENT_PROJECT_VERSION = 1;
				DEVELOPMENT_TEAM = 9H369CM94A;
				GENERATE_INFOPLIST_FILE = YES;
				IPHONEOS_DEPLOYMENT_TARGET = 16.4;
				MARKETING_VERSION = 1.0;
				PRODUCT_BUNDLE_IDENTIFIER = "io.iosacademy.live-activity-ios16Tests";
				PRODUCT_NAME = "$(TARGET_NAME)";
				SWIFT_EMIT_LOC_STRINGS = NO;
				SWIFT_VERSION = 5.0;
				TARGETED_DEVICE_FAMILY = "1,2";
				TEST_HOST = "$(BUILT_PRODUCTS_DIR)/live-activity-ios16.app/$(BUNDLE_EXECUTABLE_FOLDER_PATH)/live-activity-ios16";
			};
			name = Debug;
		};
		4A708B432A8E10CE0060321A /* Release */ = {
			isa = XCBuildConfiguration;
			buildSettings = {
				ALWAYS_EMBED_SWIFT_STANDARD_LIBRARIES = YES;
				BUNDLE_LOADER = "$(TEST_HOST)";
				CODE_SIGN_STYLE = Automatic;
				CURRENT_PROJECT_VERSION = 1;
				DEVELOPMENT_TEAM = 9H369CM94A;
				GENERATE_INFOPLIST_FILE = YES;
				IPHONEOS_DEPLOYMENT_TARGET = 16.4;
				MARKETING_VERSION = 1.0;
				PRODUCT_BUNDLE_IDENTIFIER = "io.iosacademy.live-activity-ios16Tests";
				PRODUCT_NAME = "$(TARGET_NAME)";
				SWIFT_EMIT_LOC_STRINGS = NO;
				SWIFT_VERSION = 5.0;
				TARGETED_DEVICE_FAMILY = "1,2";
				TEST_HOST = "$(BUILT_PRODUCTS_DIR)/live-activity-ios16.app/$(BUNDLE_EXECUTABLE_FOLDER_PATH)/live-activity-ios16";
			};
			name = Release;
		};
		4A708B452A8E10CE0060321A /* Debug */ = {
			isa = XCBuildConfiguration;
			buildSettings = {
				ALWAYS_EMBED_SWIFT_STANDARD_LIBRARIES = YES;
				CODE_SIGN_STYLE = Automatic;
				CURRENT_PROJECT_VERSION = 1;
				DEVELOPMENT_TEAM = 9H369CM94A;
				GENERATE_INFOPLIST_FILE = YES;
				MARKETING_VERSION = 1.0;
				PRODUCT_BUNDLE_IDENTIFIER = "io.iosacademy.live-activity-ios16UITests";
				PRODUCT_NAME = "$(TARGET_NAME)";
				SWIFT_EMIT_LOC_STRINGS = NO;
				SWIFT_VERSION = 5.0;
				TARGETED_DEVICE_FAMILY = "1,2";
				TEST_TARGET_NAME = "live-activity-ios16";
			};
			name = Debug;
		};
		4A708B462A8E10CE0060321A /* Release */ = {
			isa = XCBuildConfiguration;
			buildSettings = {
				ALWAYS_EMBED_SWIFT_STANDARD_LIBRARIES = YES;
				CODE_SIGN_STYLE = Automatic;
				CURRENT_PROJECT_VERSION = 1;
				DEVELOPMENT_TEAM = 9H369CM94A;
				GENERATE_INFOPLIST_FILE = YES;
				MARKETING_VERSION = 1.0;
				PRODUCT_BUNDLE_IDENTIFIER = "io.iosacademy.live-activity-ios16UITests";
				PRODUCT_NAME = "$(TARGET_NAME)";
				SWIFT_EMIT_LOC_STRINGS = NO;
				SWIFT_VERSION = 5.0;
				TARGETED_DEVICE_FAMILY = "1,2";
				TEST_TARGET_NAME = "live-activity-ios16";
			};
			name = Release;
		};
/* End XCBuildConfiguration section */

/* Begin XCConfigurationList section */
		4A5C77A52A8F961700926676 /* Build configuration list for PBXNativeTarget "widgets-live-activityExtension" */ = {
			isa = XCConfigurationList;
			buildConfigurations = (
				4A5C77A62A8F961700926676 /* Debug */,
				4A5C77A72A8F961700926676 /* Release */,
			);
			defaultConfigurationIsVisible = 0;
			defaultConfigurationName = Release;
		};
		4A708B152A8E10C90060321A /* Build configuration list for PBXProject "live-activity-ios16" */ = {
			isa = XCConfigurationList;
			buildConfigurations = (
				4A708B3C2A8E10CE0060321A /* Debug */,
				4A708B3D2A8E10CE0060321A /* Release */,
			);
			defaultConfigurationIsVisible = 0;
			defaultConfigurationName = Release;
		};
		4A708B3E2A8E10CE0060321A /* Build configuration list for PBXNativeTarget "live-activity-ios16" */ = {
			isa = XCConfigurationList;
			buildConfigurations = (
				4A708B3F2A8E10CE0060321A /* Debug */,
				4A708B402A8E10CE0060321A /* Release */,
			);
			defaultConfigurationIsVisible = 0;
			defaultConfigurationName = Release;
		};
		4A708B412A8E10CE0060321A /* Build configuration list for PBXNativeTarget "live-activity-ios16Tests" */ = {
			isa = XCConfigurationList;
			buildConfigurations = (
				4A708B422A8E10CE0060321A /* Debug */,
				4A708B432A8E10CE0060321A /* Release */,
			);
			defaultConfigurationIsVisible = 0;
			defaultConfigurationName = Release;
		};
		4A708B442A8E10CE0060321A /* Build configuration list for PBXNativeTarget "live-activity-ios16UITests" */ = {
			isa = XCConfigurationList;
			buildConfigurations = (
				4A708B452A8E10CE0060321A /* Debug */,
				4A708B462A8E10CE0060321A /* Release */,
			);
			defaultConfigurationIsVisible = 0;
			defaultConfigurationName = Release;
		};
/* End XCConfigurationList section */
	};
	rootObject = 4A708B122A8E10C90060321A /* Project object */;
}
